
Microsoft Visual Studio Solution File, Format Version 12.00
# Visual Studio Version 16
VisualStudioVersion = 16.0.810.1
MinimumVisualStudioVersion = 10.0.40219.1
Project("{FAE04EC0-301F-11D3-BF4B-00C04F79EFBC}") = "Grupo_2_Web_API", "Grupo_2_Web_API.csproj", "{2350509A-C960-4B0C-BCB8-04979381122B}"
EndProject
Global
	GlobalSection(SolutionConfigurationPlatforms) = preSolution
		Debug|Any CPU = Debug|Any CPU
		Release|Any CPU = Release|Any CPU
	EndGlobalSection
	GlobalSection(ProjectConfigurationPlatforms) = postSolution
		{2350509A-C960-4B0C-BCB8-04979381122B}.Debug|Any CPU.ActiveCfg = Debug|Any CPU
		{2350509A-C960-4B0C-BCB8-04979381122B}.Debug|Any CPU.Build.0 = Debug|Any CPU
		{2350509A-C960-4B0C-BCB8-04979381122B}.Release|Any CPU.ActiveCfg = Release|Any CPU
		{2350509A-C960-4B0C-BCB8-04979381122B}.Release|Any CPU.Build.0 = Release|Any CPU
	EndGlobalSection
	GlobalSection(SolutionProperties) = preSolution
		HideSolutionNode = FALSE
	EndGlobalSection
	GlobalSection(ExtensibilityGlobals) = postSolution
		SolutionGuid = {BEA55B2E-18CA-4E82-8B6F-3D9417187E0A}
	EndGlobalSection
EndGlobal
